Microsoft Visual Studio Solution File, Format Version 12.00
# Visual Studio Version 17
VisualStudioVersion = 17.5.2.0
MinimumVisualStudioVersion = 10.0.40219.1
Project("{FAE04EC0-301F-11D3-BF4B-00C04F79EFBC}") = "MyTopDownGame", "MyTopDownGame.csproj", "{CACA21C9-2F32-995D-5C95-B490B44E1DED}"
EndProject
Global
	GlobalSection(SolutionConfigurationPlatforms) = preSolution
		Debug|Any CPU = Debug|Any CPU
		Release|Any CPU = Release|Any CPU
	EndGlobalSection
	GlobalSection(ProjectConfigurationPlatforms) = postSolution
		{CACA21C9-2F32-995D-5C95-B490B44E1DED}.Debug|Any CPU.ActiveCfg = Debug|Any CPU
		{CACA21C9-2F32-995D-5C95-B490B44E1DED}.Debug|Any CPU.Build.0 = Debug|Any CPU
		{CACA21C9-2F32-995D-5C95-B490B44E1DED}.Release|Any CPU.ActiveCfg = Release|Any CPU
		{CACA21C9-2F32-995D-5C95-B490B44E1DED}.Release|Any CPU.Build.0 = Release|Any CPU
	EndGlobalSection
	GlobalSection(SolutionProperties) = preSolution
		HideSolutionNode = FALSE
	EndGlobalSection
	GlobalSection(ExtensibilityGlobals) = postSolution
		SolutionGuid = {37212719-5D23-4930-A4A3-3020AE74C5EE}
	EndGlobalSection
EndGlobal
